
Microsoft Visual Studio Solution File, Format Version 12.00
# Visual Studio Version 17
VisualStudioVersion = 17.14.36429.23 d17.14
MinimumVisualStudioVersion = 10.0.40219.1
Project("{8BC9CEB8-8B4A-11D0-8D11-00A0C91BC942}") = "BiiLive2dNative", "BiiLive2dNative\BiiLive2dNative.vcxproj", "{D9F63DFB-58FE-4F6B-AC88-3DC449DFC12C}"
EndProject
Global
	GlobalSection(SolutionConfigurationPlatforms) = preSolution
		Debug|x64 = Debug|x64
		Debug|x86 = Debug|x86
		Release|x64 = Release|x64
		Release|x86 = Release|x86
	EndGlobalSection
	GlobalSection(ProjectConfigurationPlatforms) = postSolution
		{D9F63DFB-58FE-4F6B-AC88-3DC449DFC12C}.Debug|x64.ActiveCfg = Debug|x64
		{D9F63DFB-58FE-4F6B-AC88-3DC449DFC12C}.Debug|x64.Build.0 = Debug|x64
		{D9F63DFB-58FE-4F6B-AC88-3DC449DFC12C}.Debug|x86.ActiveCfg = Debug|Win32
		{D9F63DFB-58FE-4F6B-AC88-3DC449DFC12C}.Debug|x86.Build.0 = Debug|Win32
		{D9F63DFB-58FE-4F6B-AC88-3DC449DFC12C}.Release|x64.ActiveCfg = Release|x64
		{D9F63DFB-58FE-4F6B-AC88-3DC449DFC12C}.Release|x64.Build.0 = Release|x64
		{D9F63DFB-58FE-4F6B-AC88-3DC449DFC12C}.Release|x86.ActiveCfg = Release|Win32
		{D9F63DFB-58FE-4F6B-AC88-3DC449DFC12C}.Release|x86.Build.0 = Release|Win32
	EndGlobalSection
	GlobalSection(SolutionProperties) = preSolution
		HideSolutionNode = FALSE
	EndGlobalSection
	GlobalSection(ExtensibilityGlobals) = postSolution
		SolutionGuid = {9614BD83-35E0-43D1-B014-05AF7A6E5CB0}
	EndGlobalSection
EndGlobal
